// !$*UTF8*$!
{
	archiveVersion = 1;
	classes = {
	};
	objectVersion = 46;
	objects = {

/* Begin PBXBuildFile section */
		B20ED61C1F27F1C10034AC4F /* TheShopUpgradeButton.swift in Sources */ = {isa = PBXBuildFile; fileRef = B20ED61B1F27F1C10034AC4F /* TheShopUpgradeButton.swift */; };
		B20ED61E1F2800BE0034AC4F /* levelBeat.swift in Sources */ = {isa = PBXBuildFile; fileRef = B20ED61D1F2800BE0034AC4F /* levelBeat.swift */; };
		B218CA161F16936B00E560E9 /* PreviewScene.sks in Resources */ = {isa = PBXBuildFile; fileRef = B218CA151F16936B00E560E9 /* PreviewScene.sks */; };
		B218CA191F16957400E560E9 /* arrow.png in Resources */ = {isa = PBXBuildFile; fileRef = B218CA171F16957400E560E9 /* arrow.png */; };
		B218CA1C1F16971C00E560E9 /* PreviewScene.swift in Sources */ = {isa = PBXBuildFile; fileRef = B218CA1B1F16971C00E560E9 /* PreviewScene.swift */; };
		B228DD251F17F89200E0C06F /* Level_1.sks in Resources */ = {isa = PBXBuildFile; fileRef = B228DD241F17F89200E0C06F /* Level_1.sks */; };
		B228DD291F18217D00E0C06F /* ChainSpike.sks in Resources */ = {isa = PBXBuildFile; fileRef = B228DD281F18217D00E0C06F /* ChainSpike.sks */; };
		B247DB551F2A4EFE00BA7E63 /* replayButton.png in Resources */ = {isa = PBXBuildFile; fileRef = B247DB541F2A4EFE00BA7E63 /* replayButton.png */; };
		B247DB571F2A4F1900BA7E63 /* button_restart.png in Resources */ = {isa = PBXBuildFile; fileRef = B247DB561F2A4F1900BA7E63 /* button_restart.png */; };
		B247DB5C1F2A661100BA7E63 /* levelBeatManager.swift in Sources */ = {isa = PBXBuildFile; fileRef = B247DB5B1F2A661100BA7E63 /* levelBeatManager.swift */; };
		B247DB5E1F2A664A00BA7E63 /* currencyManager.swift in Sources */ = {isa = PBXBuildFile; fileRef = B247DB5D1F2A664A00BA7E63 /* currencyManager.swift */; };
		B247DB631F2A675F00BA7E63 /* phaseLabelManager.swift in Sources */ = {isa = PBXBuildFile; fileRef = B247DB621F2A675F00BA7E63 /* phaseLabelManager.swift */; };
		B24C35DE1F226540006CA8D6 /* Level_7.sks in Resources */ = {isa = PBXBuildFile; fileRef = B24C35DD1F226540006CA8D6 /* Level_7.sks */; };
		B24C35E51F226BCA006CA8D6 /* Level8pic.png in Resources */ = {isa = PBXBuildFile; fileRef = B24C35DF1F226BCA006CA8D6 /* Level8pic.png */; };
		B24C35E61F226BCA006CA8D6 /* Level7pic.png in Resources */ = {isa = PBXBuildFile; fileRef = B24C35E01F226BCA006CA8D6 /* Level7pic.png */; };
		B24C35E71F226BCA006CA8D6 /* Level6pic.png in Resources */ = {isa = PBXBuildFile; fileRef = B24C35E11F226BCA006CA8D6 /* Level6pic.png */; };
		B24C35E81F226BCA006CA8D6 /* Level5pic.png in Resources */ = {isa = PBXBuildFile; fileRef = B24C35E21F226BCA006CA8D6 /* Level5pic.png */; };
		B24C35E91F226BCA006CA8D6 /* Level4pic.png in Resources */ = {isa = PBXBuildFile; fileRef = B24C35E31F226BCA006CA8D6 /* Level4pic.png */; };
		B24C35EA1F226BCA006CA8D6 /* Level3pic.png in Resources */ = {isa = PBXBuildFile; fileRef = B24C35E41F226BCA006CA8D6 /* Level3pic.png */; };
		B24C35EC1F228431006CA8D6 /* Level9pic.png in Resources */ = {isa = PBXBuildFile; fileRef = B24C35EB1F228431006CA8D6 /* Level9pic.png */; };
		B24C35EE1F22848E006CA8D6 /* Level_8.sks in Resources */ = {isa = PBXBuildFile; fileRef = B24C35ED1F22848E006CA8D6 /* Level_8.sks */; };
		B24D976E1F1D6A4D0098954E /* Bullet.swift in Sources */ = {isa = PBXBuildFile; fileRef = B24D976D1F1D6A4D0098954E /* Bullet.swift */; };
		B24FD64C1F27AC8B00331464 /* TheShop.sks in Resources */ = {isa = PBXBuildFile; fileRef = B24FD64B1F27AC8B00331464 /* TheShop.sks */; };
		B24FD64E1F27B5CD00331464 /* TheShop.swift in Sources */ = {isa = PBXBuildFile; fileRef = B24FD64D1F27B5CD00331464 /* TheShop.swift */; };
		B260A0141F22A6BA00D3058B /* Level_9.sks in Resources */ = {isa = PBXBuildFile; fileRef = B260A0131F22A6BA00D3058B /* Level_9.sks */; };
		B260A0161F22A89600D3058B /* Level_10.sks in Resources */ = {isa = PBXBuildFile; fileRef = B260A0151F22A89600D3058B /* Level_10.sks */; };
		B260A01D1F22ABE100D3058B /* Level11pic.png in Resources */ = {isa = PBXBuildFile; fileRef = B260A01B1F22ABE100D3058B /* Level11pic.png */; };
		B260A01E1F22ABE100D3058B /* Level10pic.png in Resources */ = {isa = PBXBuildFile; fileRef = B260A01C1F22ABE100D3058B /* Level10pic.png */; };
		B26D44DD1F26B87900E72C78 /* Level12pic.png in Resources */ = {isa = PBXBuildFile; fileRef = B26D44DC1F26B87900E72C78 /* Level12pic.png */; };
		B2826C4F1F2A69F000E05583 /* timeLabelManager.swift in Sources */ = {isa = PBXBuildFile; fileRef = B2826C4E1F2A69F000E05583 /* timeLabelManager.swift */; };
		B2826C511F2A87AA00E05583 /* phaseDurationMaxManager.swift in Sources */ = {isa = PBXBuildFile; fileRef = B2826C501F2A87AA00E05583 /* phaseDurationMaxManager.swift */; };
		B2826C531F2A891B00E05583 /* framesBackManager.swift in Sources */ = {isa = PBXBuildFile; fileRef = B2826C521F2A891B00E05583 /* framesBackManager.swift */; };
		B29AD3D41F26A02A00EBD644 /* Level_12.sks in Resources */ = {isa = PBXBuildFile; fileRef = B29AD3D31F26A02A00EBD644 /* Level_12.sks */; };
		B2A001FA1F2116D200E6C528 /* playLevelButton.png in Resources */ = {isa = PBXBuildFile; fileRef = B2A001F91F2116D200E6C528 /* playLevelButton.png */; };
		B2A001FC1F21174700E6C528 /* levelSelectButton.png in Resources */ = {isa = PBXBuildFile; fileRef = B2A001FB1F21174700E6C528 /* levelSelectButton.png */; };
		B2A001FE1F212D8000E6C528 /* Level_2.sks in Resources */ = {isa = PBXBuildFile; fileRef = B2A001FD1F212D8000E6C528 /* Level_2.sks */; };
		B2A002001F21325700E6C528 /* Level_3.sks in Resources */ = {isa = PBXBuildFile; fileRef = B2A001FF1F21325700E6C528 /* Level_3.sks */; };
		B2A002021F2133E700E6C528 /* LevelSelectButton.swift in Sources */ = {isa = PBXBuildFile; fileRef = B2A002011F2133E700E6C528 /* LevelSelectButton.swift */; };
		B2A002041F2177C400E6C528 /* Level_4.sks in Resources */ = {isa = PBXBuildFile; fileRef = B2A002031F2177C400E6C528 /* Level_4.sks */; };
		B2A002061F2179A300E6C528 /* Level_5.sks in Resources */ = {isa = PBXBuildFile; fileRef = B2A002051F2179A300E6C528 /* Level_5.sks */; };
		B2A002081F217B6300E6C528 /* Level_6.sks in Resources */ = {isa = PBXBuildFile; fileRef = B2A002071F217B6300E6C528 /* Level_6.sks */; };
		B2A307181F13E40C0059637F /* AppDelegate.swift in Sources */ = {isa = PBXBuildFile; fileRef = B2A307171F13E40C0059637F /* AppDelegate.swift */; };
		B2A3071C1F13E40C0059637F /* Actions.sks in Resources */ = {isa = PBXBuildFile; fileRef = B2A3071B1F13E40C0059637F /* Actions.sks */; };
		B2A3071E1F13E40C0059637F /* GameScene.swift in Sources */ = {isa = PBXBuildFile; fileRef = B2A3071D1F13E40C0059637F /* GameScene.swift */; };
		B2A307201F13E40C0059637F /* GameViewController.swift in Sources */ = {isa = PBXBuildFile; fileRef = B2A3071F1F13E40C0059637F /* GameViewController.swift */; };
		B2A307231F13E40C0059637F /* Main.storyboard in Resources */ = {isa = PBXBuildFile; fileRef = B2A307211F13E40C0059637F /* Main.storyboard */; };
		B2A307251F13E40C0059637F /* Assets.xcassets in Resources */ = {isa = PBXBuildFile; fileRef = B2A307241F13E40C0059637F /* Assets.xcassets */; };
		B2A307281F13E40C0059637F /* LaunchScreen.storyboard in Resources */ = {isa = PBXBuildFile; fileRef = B2A307261F13E40C0059637F /* LaunchScreen.storyboard */; };
		B2A307331F13E40C0059637F /* TheLab_runythTests.swift in Sources */ = {isa = PBXBuildFile; fileRef = B2A307321F13E40C0059637F /* TheLab_runythTests.swift */; };
		B2A3073E1F13E40C0059637F /* TheLab_runythUITests.swift in Sources */ = {isa = PBXBuildFile; fileRef = B2A3073D1F13E40C0059637F /* TheLab_runythUITests.swift */; };
		B2B06C921F142DA9000A728E /* ButtonNode.swift in Sources */ = {isa = PBXBuildFile; fileRef = B2B06C911F142DA9000A728E /* ButtonNode.swift */; };
		B2B06C941F143B21000A728E /* MovingObstacle.swift in Sources */ = {isa = PBXBuildFile; fileRef = B2B06C931F143B21000A728E /* MovingObstacle.swift */; };
		B2B06C981F15391E000A728E /* pauseButton.png in Resources */ = {isa = PBXBuildFile; fileRef = B2B06C971F15391E000A728E /* pauseButton.png */; };
		B2B06C9A1F153B55000A728E /* playButton.png in Resources */ = {isa = PBXBuildFile; fileRef = B2B06C991F153B55000A728E /* playButton.png */; };
		B2B06C9C1F157022000A728E /* LevelSelect.sks in Resources */ = {isa = PBXBuildFile; fileRef = B2B06C9B1F157022000A728E /* LevelSelect.sks */; };
		B2B06C9F1F15708E000A728E /* Level1pic.png in Resources */ = {isa = PBXBuildFile; fileRef = B2B06C9D1F15708E000A728E /* Level1pic.png */; };
		B2B06CA01F15708E000A728E /* Level2pic.png in Resources */ = {isa = PBXBuildFile; fileRef = B2B06C9E1F15708E000A728E /* Level2pic.png */; };
		B2B06CA21F1570C4000A728E /* LevelSelect.swift in Sources */ = {isa = PBXBuildFile; fileRef = B2B06CA11F1570C4000A728E /* LevelSelect.swift */; };
		B2B06CA41F157123000A728E /* Level_11.sks in Resources */ = {isa = PBXBuildFile; fileRef = B2B06CA31F157123000A728E /* Level_11.sks */; };
		B2B06CA61F157D2F000A728E /* nextLevel.png in Resources */ = {isa = PBXBuildFile; fileRef = B2B06CA51F157D2F000A728E /* nextLevel.png */; };
		B2B9F0741F266C9900C59318 /* MainMenu.swift in Sources */ = {isa = PBXBuildFile; fileRef = B2B9F0731F266C9900C59318 /* MainMenu.swift */; };
		B2B9F0761F266CC000C59318 /* MainMenu.sks in Resources */ = {isa = PBXBuildFile; fileRef = B2B9F0751F266CC000C59318 /* MainMenu.sks */; };
		B2B9F07A1F266E2000C59318 /* settingsButton.png in Resources */ = {isa = PBXBuildFile; fileRef = B2B9F0771F266E2000C59318 /* settingsButton.png */; };
		B2B9F07B1F266E2000C59318 /* levelsButton.png in Resources */ = {isa = PBXBuildFile; fileRef = B2B9F0781F266E2000C59318 /* levelsButton.png */; };
		B2B9F07E1F266EB100C59318 /* button_play.png in Resources */ = {isa = PBXBuildFile; fileRef = B2B9F07D1F266EB100C59318 /* button_play.png */; };
		B2DF09C71F13FA7C009E833E /* Hero.sks in Resources */ = {isa = PBXBuildFile; fileRef = B2DF09C61F13FA7C009E833E /* Hero.sks */; };
		B2F9AF161F295C7A00D13B56 /* theShopButton.png in Resources */ = {isa = PBXBuildFile; fileRef = B2F9AF151F295C7A00D13B56 /* theShopButton.png */; };
		B2F9AF181F295DAC00D13B56 /* backButton.png in Resources */ = {isa = PBXBuildFile; fileRef = B2F9AF171F295DAC00D13B56 /* backButton.png */; };
/* End PBXBuildFile section */

/* Begin PBXContainerItemProxy section */
		B2A3072F1F13E40C0059637F /* PBXContainerItemProxy */ = {
			isa = PBXContainerItemProxy;
			containerPortal = B2A3070C1F13E40C0059637F /* Project object */;
			proxyType = 1;
			remoteGlobalIDString = B2A307131F13E40C0059637F;
			remoteInfo = "TheLab-runyth";
		};
		B2A3073A1F13E40C0059637F /* PBXContainerItemProxy */ = {
			isa = PBXContainerItemProxy;
			containerPortal = B2A3070C1F13E40C0059637F /* Project object */;
			proxyType = 1;
			remoteGlobalIDString = B2A307131F13E40C0059637F;
			remoteInfo = "TheLab-runyth";
		};
/* End PBXContainerItemProxy section */

/* Begin PBXFileReference section */
		B20ED61B1F27F1C10034AC4F /* TheShopUpgradeButton.swift */ = {isa = PBXFileReference; fileEncoding = 4; lastKnownFileType = sourcecode.swift; path = TheShopUpgradeButton.swift; sourceTree = "<group>"; };
		B20ED61D1F2800BE0034AC4F /* levelBeat.swift */ = {isa = PBXFileReference; fileEncoding = 4; lastKnownFileType = sourcecode.swift; path = levelBeat.swift; sourceTree = "<group>"; };
		B218CA151F16936B00E560E9 /* PreviewScene.sks */ = {isa = PBXFileReference; lastKnownFileType = file.sks; path = PreviewScene.sks; sourceTree = "<group>"; };
		B218CA171F16957400E560E9 /* arrow.png */ = {isa = PBXFileReference; lastKnownFileType = image.png; path = arrow.png; sourceTree = "<group>"; };
		B218CA1B1F16971C00E560E9 /* PreviewScene.swift */ = {isa = PBXFileReference; fileEncoding = 4; lastKnownFileType = sourcecode.swift; path = PreviewScene.swift; sourceTree = "<group>"; };
		B228DD241F17F89200E0C06F /* Level_1.sks */ = {isa = PBXFileReference; lastKnownFileType = file.sks; path = Level_1.sks; sourceTree = "<group>"; };
		B228DD281F18217D00E0C06F /* ChainSpike.sks */ = {isa = PBXFileReference; lastKnownFileType = file.sks; path = ChainSpike.sks; sourceTree = "<group>"; };
		B247DB541F2A4EFE00BA7E63 /* replayButton.png */ = {isa = PBXFileReference; lastKnownFileType = image.png; path = replayButton.png; sourceTree = "<group>"; };
		B247DB561F2A4F1900BA7E63 /* button_restart.png */ = {isa = PBXFileReference; lastKnownFileType = image.png; path = button_restart.png; sourceTree = "<group>"; };
		B247DB5B1F2A661100BA7E63 /* levelBeatManager.swift */ = {isa = PBXFileReference; fileEncoding = 4; lastKnownFileType = sourcecode.swift; path = levelBeatManager.swift; sourceTree = "<group>"; };
		B247DB5D1F2A664A00BA7E63 /* currencyManager.swift */ = {isa = PBXFileReference; fileEncoding = 4; lastKnownFileType = sourcecode.swift; path = currencyManager.swift; sourceTree = "<group>"; };
		B247DB621F2A675F00BA7E63 /* phaseLabelManager.swift */ = {isa = PBXFileReference; fileEncoding = 4; lastKnownFileType = sourcecode.swift; path = phaseLabelManager.swift; sourceTree = "<group>"; };
		B24C35DD1F226540006CA8D6 /* Level_7.sks */ = {isa = PBXFileReference; lastKnownFileType = file.sks; path = Level_7.sks; sourceTree = "<group>"; };
		B24C35DF1F226BCA006CA8D6 /* Level8pic.png */ = {isa = PBXFileReference; lastKnownFileType = image.png; path = Level8pic.png; sourceTree = "<group>"; };
		B24C35E01F226BCA006CA8D6 /* Level7pic.png */ = {isa = PBXFileReference; lastKnownFileType = image.png; path = Level7pic.png; sourceTree = "<group>"; };
		B24C35E11F226BCA006CA8D6 /* Level6pic.png */ = {isa = PBXFileReference; lastKnownFileType = image.png; path = Level6pic.png; sourceTree = "<group>"; };
		B24C35E21F226BCA006CA8D6 /* Level5pic.png */ = {isa = PBXFileReference; lastKnownFileType = image.png; path = Level5pic.png; sourceTree = "<group>"; };
		B24C35E31F226BCA006CA8D6 /* Level4pic.png */ = {isa = PBXFileReference; lastKnownFileType = image.png; path = Level4pic.png; sourceTree = "<group>"; };
		B24C35E41F226BCA006CA8D6 /* Level3pic.png */ = {isa = PBXFileReference; lastKnownFileType = image.png; path = Level3pic.png; sourceTree = "<group>"; };
		B24C35EB1F228431006CA8D6 /* Level9pic.png */ = {isa = PBXFileReference; lastKnownFileType = image.png; path = Level9pic.png; sourceTree = "<group>"; };
		B24C35ED1F22848E006CA8D6 /* Level_8.sks */ = {isa = PBXFileReference; lastKnownFileType = file.sks; path = Level_8.sks; sourceTree = "<group>"; };
		B24D976D1F1D6A4D0098954E /* Bullet.swift */ = {isa = PBXFileReference; fileEncoding = 4; lastKnownFileType = sourcecode.swift; path = Bullet.swift; sourceTree = "<group>"; };
		B24FD64B1F27AC8B00331464 /* TheShop.sks */ = {isa = PBXFileReference; lastKnownFileType = file.sks; path = TheShop.sks; sourceTree = "<group>"; };
		B24FD64D1F27B5CD00331464 /* TheShop.swift */ = {isa = PBXFileReference; fileEncoding = 4; lastKnownFileType = sourcecode.swift; path = TheShop.swift; sourceTree = "<group>"; };
		B260A0131F22A6BA00D3058B /* Level_9.sks */ = {isa = PBXFileReference; lastKnownFileType = file.sks; path = Level_9.sks; sourceTree = "<group>"; };
		B260A0151F22A89600D3058B /* Level_10.sks */ = {isa = PBXFileReference; lastKnownFileType = file.sks; path = Level_10.sks; sourceTree = "<group>"; };
		B260A01B1F22ABE100D3058B /* Level11pic.png */ = {isa = PBXFileReference; lastKnownFileType = image.png; path = Level11pic.png; sourceTree = "<group>"; };
		B260A01C1F22ABE100D3058B /* Level10pic.png */ = {isa = PBXFileReference; lastKnownFileType = image.png; path = Level10pic.png; sourceTree = "<group>"; };
		B26D44DC1F26B87900E72C78 /* Level12pic.png */ = {isa = PBXFileReference; lastKnownFileType = image.png; path = Level12pic.png; sourceTree = "<group>"; };
		B2826C4E1F2A69F000E05583 /* timeLabelManager.swift */ = {isa = PBXFileReference; fileEncoding = 4; lastKnownFileType = sourcecode.swift; path = timeLabelManager.swift; sourceTree = "<group>"; };
		B2826C501F2A87AA00E05583 /* phaseDurationMaxManager.swift */ = {isa = PBXFileReference; fileEncoding = 4; lastKnownFileType = sourcecode.swift; path = phaseDurationMaxManager.swift; sourceTree = "<group>"; };
		B2826C521F2A891B00E05583 /* framesBackManager.swift */ = {isa = PBXFileReference; fileEncoding = 4; lastKnownFileType = sourcecode.swift; path = framesBackManager.swift; sourceTree = "<group>"; };
		B29AD3D31F26A02A00EBD644 /* Level_12.sks */ = {isa = PBXFileReference; lastKnownFileType = file.sks; path = Level_12.sks; sourceTree = "<group>"; };
		B2A001F91F2116D200E6C528 /* playLevelButton.png */ = {isa = PBXFileReference; lastKnownFileType = image.png; path = playLevelButton.png; sourceTree = "<group>"; };
		B2A001FB1F21174700E6C528 /* levelSelectButton.png */ = {isa = PBXFileReference; lastKnownFileType = image.png; path = levelSelectButton.png; sourceTree = "<group>"; };
		B2A001FD1F212D8000E6C528 /* Level_2.sks */ = {isa = PBXFileReference; lastKnownFileType = file.sks; path = Level_2.sks; sourceTree = "<group>"; };
		B2A001FF1F21325700E6C528 /* Level_3.sks */ = {isa = PBXFileReference; lastKnownFileType = file.sks; path = Level_3.sks; sourceTree = "<group>"; };
		B2A002011F2133E700E6C528 /* LevelSelectButton.swift */ = {isa = PBXFileReference; fileEncoding = 4; lastKnownFileType = sourcecode.swift; path = LevelSelectButton.swift; sourceTree = "<group>"; };
		B2A002031F2177C400E6C528 /* Level_4.sks */ = {isa = PBXFileReference; lastKnownFileType = file.sks; path = Level_4.sks; sourceTree = "<group>"; };
		B2A002051F2179A300E6C528 /* Level_5.sks */ = {isa = PBXFileReference; lastKnownFileType = file.sks; path = Level_5.sks; sourceTree = "<group>"; };
		B2A002071F217B6300E6C528 /* Level_6.sks */ = {isa = PBXFileReference; lastKnownFileType = file.sks; path = Level_6.sks; sourceTree = "<group>"; };
		B2A307141F13E40C0059637F /* TheLabrunyth.app */ = {isa = PBXFileReference; explicitFileType = wrapper.application; includeInIndex = 0; path = TheLabrunyth.app; sourceTree = BUILT_PRODUCTS_DIR; };
		B2A307171F13E40C0059637F /* AppDelegate.swift */ = {isa = PBXFileReference; lastKnownFileType = sourcecode.swift; path = AppDelegate.swift; sourceTree = "<group>"; };
		B2A3071B1F13E40C0059637F /* Actions.sks */ = {isa = PBXFileReference; lastKnownFileType = file.sks; path = Actions.sks; sourceTree = "<group>"; };
		B2A3071D1F13E40C0059637F /* GameScene.swift */ = {isa = PBXFileReference; lastKnownFileType = sourcecode.swift; path = GameScene.swift; sourceTree = "<group>"; };
		B2A3071F1F13E40C0059637F /* GameViewController.swift */ = {isa = PBXFileReference; lastKnownFileType = sourcecode.swift; path = GameViewController.swift; sourceTree = "<group>"; };
		B2A307221F13E40C0059637F /* Base */ = {isa = PBXFileReference; lastKnownFileType = file.storyboard; name = Base; path = Base.lproj/Main.storyboard; sourceTree = "<group>"; };
		B2A307241F13E40C0059637F /* Assets.xcassets */ = {isa = PBXFileReference; lastKnownFileType = folder.assetcatalog; path = Assets.xcassets; sourceTree = "<group>"; };
		B2A307271F13E40C0059637F /* Base */ = {isa = PBXFileReference; lastKnownFileType = file.storyboard; name = Base; path = Base.lproj/LaunchScreen.storyboard; sourceTree = "<group>"; };
		B2A307291F13E40C0059637F /* Info.plist */ = {isa = PBXFileReference; lastKnownFileType = text.plist.xml; path = Info.plist; sourceTree = "<group>"; };
		B2A3072E1F13E40C0059637F /* TheLabrunythTests.xctest */ = {isa = PBXFileReference; explicitFileType = wrapper.cfbundle; includeInIndex = 0; path = TheLabrunythTests.xctest; sourceTree = BUILT_PRODUCTS_DIR; };
		B2A307321F13E40C0059637F /* TheLab_runythTests.swift */ = {isa = PBXFileReference; lastKnownFileType = sourcecode.swift; path = TheLab_runythTests.swift; sourceTree = "<group>"; };
		B2A307341F13E40C0059637F /* Info.plist */ = {isa = PBXFileReference; lastKnownFileType = text.plist.xml; path = Info.plist; sourceTree = "<group>"; };
		B2A307391F13E40C0059637F /* TheLabrunythUITests.xctest */ = {isa = PBXFileReference; explicitFileType = wrapper.cfbundle; includeInIndex = 0; path = TheLabrunythUITests.xctest; sourceTree = BUILT_PRODUCTS_DIR; };
		B2A3073D1F13E40C0059637F /* TheLab_runythUITests.swift */ = {isa = PBXFileReference; lastKnownFileType = sourcecode.swift; path = TheLab_runythUITests.swift; sourceTree = "<group>"; };
		B2A3073F1F13E40C0059637F /* Info.plist */ = {isa = PBXFileReference; lastKnownFileType = text.plist.xml; path = Info.plist; sourceTree = "<group>"; };
		B2B06C911F142DA9000A728E /* ButtonNode.swift */ = {isa = PBXFileReference; fileEncoding = 4; lastKnownFileType = sourcecode.swift; path = ButtonNode.swift; sourceTree = "<group>"; };
		B2B06C931F143B21000A728E /* MovingObstacle.swift */ = {isa = PBXFileReference; fileEncoding = 4; lastKnownFileType = sourcecode.swift; path = MovingObstacle.swift; sourceTree = "<group>"; };
		B2B06C971F15391E000A728E /* pauseButton.png */ = {isa = PBXFileReference; lastKnownFileType = image.png; path = pauseButton.png; sourceTree = "<group>"; };
		B2B06C991F153B55000A728E /* playButton.png */ = {isa = PBXFileReference; lastKnownFileType = image.png; path = playButton.png; sourceTree = "<group>"; };
		B2B06C9B1F157022000A728E /* LevelSelect.sks */ = {isa = PBXFileReference; lastKnownFileType = file.sks; path = LevelSelect.sks; sourceTree = "<group>"; };
		B2B06C9D1F15708E000A728E /* Level1pic.png */ = {isa = PBXFileReference; lastKnownFileType = image.png; path = Level1pic.png; sourceTree = "<group>"; };
		B2B06C9E1F15708E000A728E /* Level2pic.png */ = {isa = PBXFileReference; lastKnownFileType = image.png; path = Level2pic.png; sourceTree = "<group>"; };
		B2B06CA11F1570C4000A728E /* LevelSelect.swift */ = {isa = PBXFileReference; fileEncoding = 4; lastKnownFileType = sourcecode.swift; path = LevelSelect.swift; sourceTree = "<group>"; };
		B2B06CA31F157123000A728E /* Level_11.sks */ = {isa = PBXFileReference; lastKnownFileType = file.sks; path = Level_11.sks; sourceTree = "<group>"; };
		B2B06CA51F157D2F000A728E /* nextLevel.png */ = {isa = PBXFileReference; lastKnownFileType = image.png; path = nextLevel.png; sourceTree = "<group>"; };
		B2B9F0731F266C9900C59318 /* MainMenu.swift */ = {isa = PBXFileReference; fileEncoding = 4; lastKnownFileType = sourcecode.swift; path = MainMenu.swift; sourceTree = "<group>"; };
		B2B9F0751F266CC000C59318 /* MainMenu.sks */ = {isa = PBXFileReference; lastKnownFileType = file.sks; path = MainMenu.sks; sourceTree = "<group>"; };
		B2B9F0771F266E2000C59318 /* settingsButton.png */ = {isa = PBXFileReference; lastKnownFileType = image.png; path = settingsButton.png; sourceTree = "<group>"; };
		B2B9F0781F266E2000C59318 /* levelsButton.png */ = {isa = PBXFileReference; lastKnownFileType = image.png; path = levelsButton.png; sourceTree = "<group>"; };
		B2B9F07D1F266EB100C59318 /* button_play.png */ = {isa = PBXFileReference; lastKnownFileType = image.png; path = button_play.png; sourceTree = "<group>"; };
		B2DF09C61F13FA7C009E833E /* Hero.sks */ = {isa = PBXFileReference; lastKnownFileType = file.sks; path = Hero.sks; sourceTree = "<group>"; };
		B2F9AF151F295C7A00D13B56 /* theShopButton.png */ = {isa = PBXFileReference; lastKnownFileType = image.png; path = theShopButton.png; sourceTree = "<group>"; };
		B2F9AF171F295DAC00D13B56 /* backButton.png */ = {isa = PBXFileReference; lastKnownFileType = image.png; path = backButton.png; sourceTree = "<group>"; };
/* End PBXFileReference section */

/* Begin PBXFrameworksBuildPhase section */
		B2A307111F13E40C0059637F /* Frameworks */ = {
			isa = PBXFrameworksBuildPhase;
			buildActionMask = 2147483647;
			files = (
			);
			runOnlyForDeploymentPostprocessing = 0;
		};
		B2A3072B1F13E40C0059637F /* Frameworks */ = {
			isa = PBXFrameworksBuildPhase;
			buildActionMask = 2147483647;
			files = (
			);
			runOnlyForDeploymentPostprocessing = 0;
		};
		B2A307361F13E40C0059637F /* Frameworks */ = {
			isa = PBXFrameworksBuildPhase;
			buildActionMask = 2147483647;
			files = (
			);
			runOnlyForDeploymentPostprocessing = 0;
		};
/* End PBXFrameworksBuildPhase section */

/* Begin PBXGroup section */
		B247DB581F2A657F00BA7E63 /* RandomPListStuff */ = {
			isa = PBXGroup;
			children = (
				B20ED61D1F2800BE0034AC4F /* levelBeat.swift */,
				B247DB5B1F2A661100BA7E63 /* levelBeatManager.swift */,
				B247DB5D1F2A664A00BA7E63 /* currencyManager.swift */,
				B247DB621F2A675F00BA7E63 /* phaseLabelManager.swift */,
				B2826C4E1F2A69F000E05583 /* timeLabelManager.swift */,
				B2826C501F2A87AA00E05583 /* phaseDurationMaxManager.swift */,
				B2826C521F2A891B00E05583 /* framesBackManager.swift */,
			);
			name = RandomPListStuff;
			sourceTree = "<group>";
		};
		B247DB591F2A65BD00BA7E63 /* Scenes */ = {
			isa = PBXGroup;
			children = (
				B2A3071D1F13E40C0059637F /* GameScene.swift */,
				B218CA1B1F16971C00E560E9 /* PreviewScene.swift */,
				B2B06CA11F1570C4000A728E /* LevelSelect.swift */,
				B2B9F0731F266C9900C59318 /* MainMenu.swift */,
				B24FD64D1F27B5CD00331464 /* TheShop.swift */,
			);
			name = Scenes;
			sourceTree = "<group>";
		};
		B247DB5A1F2A65DE00BA7E63 /* CodeObjects */ = {
			isa = PBXGroup;
			children = (
				B2B06C911F142DA9000A728E /* ButtonNode.swift */,
				B20ED61B1F27F1C10034AC4F /* TheShopUpgradeButton.swift */,
				B2B06C931F143B21000A728E /* MovingObstacle.swift */,
				B24D976D1F1D6A4D0098954E /* Bullet.swift */,
				B2A002011F2133E700E6C528 /* LevelSelectButton.swift */,
			);
			name = CodeObjects;
			sourceTree = "<group>";
		};
		B247DB5F1F2A668600BA7E63 /* Levels */ = {
			isa = PBXGroup;
			children = (
				B228DD241F17F89200E0C06F /* Level_1.sks */,
				B2A001FD1F212D8000E6C528 /* Level_2.sks */,
				B2A001FF1F21325700E6C528 /* Level_3.sks */,
				B2A002031F2177C400E6C528 /* Level_4.sks */,
				B2A002051F2179A300E6C528 /* Level_5.sks */,
				B2A002071F217B6300E6C528 /* Level_6.sks */,
				B24C35DD1F226540006CA8D6 /* Level_7.sks */,
				B24C35ED1F22848E006CA8D6 /* Level_8.sks */,
				B260A0131F22A6BA00D3058B /* Level_9.sks */,
				B260A0151F22A89600D3058B /* Level_10.sks */,
				B2B06CA31F157123000A728E /* Level_11.sks */,
				B29AD3D31F26A02A00EBD644 /* Level_12.sks */,
			);
			name = Levels;
			sourceTree = "<group>";
		};
		B247DB601F2A669E00BA7E63 /* Objects */ = {
			isa = PBXGroup;
			children = (
				B2DF09C61F13FA7C009E833E /* Hero.sks */,
				B228DD281F18217D00E0C06F /* ChainSpike.sks */,
			);
			name = Objects;
			sourceTree = "<group>";
		};
		B247DB611F2A66B400BA7E63 /* NavigableScenes */ = {
			isa = PBXGroup;
			children = (
				B218CA151F16936B00E560E9 /* PreviewScene.sks */,
				B2B06C9B1F157022000A728E /* LevelSelect.sks */,
				B2B9F0751F266CC000C59318 /* MainMenu.sks */,
				B24FD64B1F27AC8B00331464 /* TheShop.sks */,
			);
			name = NavigableScenes;
			sourceTree = "<group>";
		};
		B2A3070B1F13E40C0059637F = {
			isa = PBXGroup;
			children = (
				B2A307161F13E40C0059637F /* TheLab-runyth */,
				B2A3073C1F13E40C0059637F /* TheLab-runythUITests */,
				B2A307311F13E40C0059637F /* TheLab-runythTests */,
				B2A307151F13E40C0059637F /* Products */,
			);
			sourceTree = "<group>";
		};
		B2A307151F13E40C0059637F /* Products */ = {
			isa = PBXGroup;
			children = (
				B2A307141F13E40C0059637F /* TheLabrunyth.app */,
				B2A3072E1F13E40C0059637F /* TheLabrunythTests.xctest */,
				B2A307391F13E40C0059637F /* TheLabrunythUITests.xctest */,
			);
			name = Products;
			sourceTree = "<group>";
		};
		B2A307161F13E40C0059637F /* TheLab-runyth */ = {
			isa = PBXGroup;
			children = (
				B2B9F0721F26666E00C59318 /* SwiftFiles */,
				B2B9F0711F26664500C59318 /* SKScenes */,
				B2B9F0701F2665B500C59318 /* Photos */,
				B2A307211F13E40C0059637F /* Main.storyboard */,
				B2A307241F13E40C0059637F /* Assets.xcassets */,
				B2A307261F13E40C0059637F /* LaunchScreen.storyboard */,
				B2A307291F13E40C0059637F /* Info.plist */,
			);
			path = "TheLab-runyth";
			sourceTree = "<group>";
		};
		B2A307311F13E40C0059637F /* TheLab-runythTests */ = {
			isa = PBXGroup;
			children = (
				B2A307321F13E40C0059637F /* TheLab_runythTests.swift */,
				B2A307341F13E40C0059637F /* Info.plist */,
			);
			path = "TheLab-runythTests";
			sourceTree = "<group>";
		};
		B2A3073C1F13E40C0059637F /* TheLab-runythUITests */ = {
			isa = PBXGroup;
			children = (
				B2A3073D1F13E40C0059637F /* TheLab_runythUITests.swift */,
				B2A3073F1F13E40C0059637F /* Info.plist */,
			);
			path = "TheLab-runythUITests";
			sourceTree = SOURCE_ROOT;
		};
		B2B9F0701F2665B500C59318 /* Photos */ = {
			isa = PBXGroup;
			children = (
				B247DB561F2A4F1900BA7E63 /* button_restart.png */,
				B2B06C971F15391E000A728E /* pauseButton.png */,
				B2B06C991F153B55000A728E /* playButton.png */,
				B26D44DC1F26B87900E72C78 /* Level12pic.png */,
				B260A01B1F22ABE100D3058B /* Level11pic.png */,
				B260A01C1F22ABE100D3058B /* Level10pic.png */,
				B24C35EB1F228431006CA8D6 /* Level9pic.png */,
				B24C35DF1F226BCA006CA8D6 /* Level8pic.png */,
				B24C35E01F226BCA006CA8D6 /* Level7pic.png */,
				B24C35E11F226BCA006CA8D6 /* Level6pic.png */,
				B24C35E21F226BCA006CA8D6 /* Level5pic.png */,
				B24C35E31F226BCA006CA8D6 /* Level4pic.png */,
				B24C35E41F226BCA006CA8D6 /* Level3pic.png */,
				B2B06C9E1F15708E000A728E /* Level2pic.png */,
				B2B06C9D1F15708E000A728E /* Level1pic.png */,
				B2B06CA51F157D2F000A728E /* nextLevel.png */,
				B218CA171F16957400E560E9 /* arrow.png */,
				B2A001F91F2116D200E6C528 /* playLevelButton.png */,
				B2F9AF151F295C7A00D13B56 /* theShopButton.png */,
				B2F9AF171F295DAC00D13B56 /* backButton.png */,
				B247DB541F2A4EFE00BA7E63 /* replayButton.png */,
				B2A001FB1F21174700E6C528 /* levelSelectButton.png */,
				B2B9F0771F266E2000C59318 /* settingsButton.png */,
				B2B9F0781F266E2000C59318 /* levelsButton.png */,
				B2B9F07D1F266EB100C59318 /* button_play.png */,
			);
			name = Photos;
			sourceTree = "<group>";
		};
		B2B9F0711F26664500C59318 /* SKScenes */ = {
			isa = PBXGroup;
			children = (
				B247DB611F2A66B400BA7E63 /* NavigableScenes */,
				B247DB601F2A669E00BA7E63 /* Objects */,
				B247DB5F1F2A668600BA7E63 /* Levels */,
				B2A3071B1F13E40C0059637F /* Actions.sks */,
			);
			name = SKScenes;
			sourceTree = "<group>";
		};
		B2B9F0721F26666E00C59318 /* SwiftFiles */ = {
			isa = PBXGroup;
			children = (
				B247DB5A1F2A65DE00BA7E63 /* CodeObjects */,
				B247DB591F2A65BD00BA7E63 /* Scenes */,
				B247DB581F2A657F00BA7E63 /* RandomPListStuff */,
				B2A307171F13E40C0059637F /* AppDelegate.swift */,
				B2A3071F1F13E40C0059637F /* GameViewController.swift */,
			);
			name = SwiftFiles;
			sourceTree = "<group>";
		};
/* End PBXGroup section */

/* Begin PBXNativeTarget section */
		B2A307131F13E40C0059637F /* TheLabrunyth */ = {
			isa = PBXNativeTarget;
			buildConfigurationList = B2A307421F13E40C0059637F /* Build configuration list for PBXNativeTarget "TheLabrunyth" */;
			buildPhases = (
				B2A307101F13E40C0059637F /* Sources */,
				B2A307111F13E40C0059637F /* Frameworks */,
				B2A307121F13E40C0059637F /* Resources */,
			);
			buildRules = (
			);
			dependencies = (
			);
			name = TheLabrunyth;
			productName = "TheLab-runyth";
			productReference = B2A307141F13E40C0059637F /* TheLabrunyth.app */;
			productType = "com.apple.product-type.application";
		};
		B2A3072D1F13E40C0059637F /* TheLabrunythTests */ = {
			isa = PBXNativeTarget;
			buildConfigurationList = B2A307451F13E40C0059637F /* Build configuration list for PBXNativeTarget "TheLabrunythTests" */;
			buildPhases = (
				B2A3072A1F13E40C0059637F /* Sources */,
				B2A3072B1F13E40C0059637F /* Frameworks */,
				B2A3072C1F13E40C0059637F /* Resources */,
			);
			buildRules = (
			);
			dependencies = (
				B2A307301F13E40C0059637F /* PBXTargetDependency */,
			);
			name = TheLabrunythTests;
			productName = "TheLab-runythTests";
			productReference = B2A3072E1F13E40C0059637F /* TheLabrunythTests.xctest */;
			productType = "com.apple.product-type.bundle.unit-test";
		};
		B2A307381F13E40C0059637F /* TheLabrunythUITests */ = {
			isa = PBXNativeTarget;
			buildConfigurationList = B2A307481F13E40C0059637F /* Build configuration list for PBXNativeTarget "TheLabrunythUITests" */;
			buildPhases = (
				B2A307351F13E40C0059637F /* Sources */,
				B2A307361F13E40C0059637F /* Frameworks */,
				B2A307371F13E40C0059637F /* Resources */,
			);
			buildRules = (
			);
			dependencies = (
				B2A3073B1F13E40C0059637F /* PBXTargetDependency */,
			);
			name = TheLabrunythUITests;
			productName = "TheLab-runythUITests";
			productReference = B2A307391F13E40C0059637F /* TheLabrunythUITests.xctest */;
			productType = "com.apple.product-type.bundle.ui-testing";
		};
/* End PBXNativeTarget section */

/* Begin PBXProject section */
		B2A3070C1F13E40C0059637F /* Project object */ = {
			isa = PBXProject;
			attributes = {
				LastSwiftUpdateCheck = 0830;
				LastUpgradeCheck = 0830;
				ORGANIZATIONNAME = "Aniruddha Madhusudan";
				TargetAttributes = {
					B2A307131F13E40C0059637F = {
						CreatedOnToolsVersion = 8.3.3;
						DevelopmentTeam = TNR595CQ49;
						ProvisioningStyle = Automatic;
					};
					B2A3072D1F13E40C0059637F = {
						CreatedOnToolsVersion = 8.3.3;
						ProvisioningStyle = Automatic;
						TestTargetID = B2A307131F13E40C0059637F;
					};
					B2A307381F13E40C0059637F = {
						CreatedOnToolsVersion = 8.3.3;
						ProvisioningStyle = Automatic;
						TestTargetID = B2A307131F13E40C0059637F;
					};
				};
			};
			buildConfigurationList = B2A3070F1F13E40C0059637F /* Build configuration list for PBXProject "TheLabrunyth" */;
			compatibilityVersion = "Xcode 3.2";
			developmentRegion = English;
			hasScannedForEncodings = 0;
			knownRegions = (
				en,
				Base,
			);
			mainGroup = B2A3070B1F13E40C0059637F;
			productRefGroup = B2A307151F13E40C0059637F /* Products */;
			projectDirPath = "";
			projectRoot = "";
			targets = (
				B2A307131F13E40C0059637F /* TheLabrunyth */,
				B2A3072D1F13E40C0059637F /* TheLabrunythTests */,
				B2A307381F13E40C0059637F /* TheLabrunythUITests */,
			);
		};
/* End PBXProject section */

/* Begin PBXResourcesBuildPhase section */
		B2A307121F13E40C0059637F /* Resources */ = {
			isa = PBXResourcesBuildPhase;
			buildActionMask = 2147483647;
			files = (
				B24C35E91F226BCA006CA8D6 /* Level4pic.png in Resources */,
				B228DD251F17F89200E0C06F /* Level_1.sks in Resources */,
				B2B9F07B1F266E2000C59318 /* levelsButton.png in Resources */,
				B24C35E81F226BCA006CA8D6 /* Level5pic.png in Resources */,
				B2A307231F13E40C0059637F /* Main.storyboard in Resources */,
				B24C35EA1F226BCA006CA8D6 /* Level3pic.png in Resources */,
				B2B9F07E1F266EB100C59318 /* button_play.png in Resources */,
				B260A0161F22A89600D3058B /* Level_10.sks in Resources */,
				B2B06CA41F157123000A728E /* Level_11.sks in Resources */,
				B218CA161F16936B00E560E9 /* PreviewScene.sks in Resources */,
				B2B06C9C1F157022000A728E /* LevelSelect.sks in Resources */,
				B24C35EE1F22848E006CA8D6 /* Level_8.sks in Resources */,
				B260A0141F22A6BA00D3058B /* Level_9.sks in Resources */,
				B24C35E71F226BCA006CA8D6 /* Level6pic.png in Resources */,
				B2B9F0761F266CC000C59318 /* MainMenu.sks in Resources */,
				B2A001FA1F2116D200E6C528 /* playLevelButton.png in Resources */,
				B24C35E61F226BCA006CA8D6 /* Level7pic.png in Resources */,
				B2B06CA61F157D2F000A728E /* nextLevel.png in Resources */,
				B24C35EC1F228431006CA8D6 /* Level9pic.png in Resources */,
				B218CA191F16957400E560E9 /* arrow.png in Resources */,
				B2A307251F13E40C0059637F /* Assets.xcassets in Resources */,
				B260A01D1F22ABE100D3058B /* Level11pic.png in Resources */,
				B2B06C981F15391E000A728E /* pauseButton.png in Resources */,
				B260A01E1F22ABE100D3058B /* Level10pic.png in Resources */,
				B247DB571F2A4F1900BA7E63 /* button_restart.png in Resources */,
				B29AD3D41F26A02A00EBD644 /* Level_12.sks in Resources */,
				B2F9AF181F295DAC00D13B56 /* backButton.png in Resources */,
				B2DF09C71F13FA7C009E833E /* Hero.sks in Resources */,
				B2A307281F13E40C0059637F /* LaunchScreen.storyboard in Resources */,
				B2B06C9A1F153B55000A728E /* playButton.png in Resources */,
				B2A002061F2179A300E6C528 /* Level_5.sks in Resources */,
				B2A002081F217B6300E6C528 /* Level_6.sks in Resources */,
				B2B06C9F1F15708E000A728E /* Level1pic.png in Resources */,
				B2A001FE1F212D8000E6C528 /* Level_2.sks in Resources */,
				B24C35E51F226BCA006CA8D6 /* Level8pic.png in Resources */,
				B2A001FC1F21174700E6C528 /* levelSelectButton.png in Resources */,
				B2A002041F2177C400E6C528 /* Level_4.sks in Resources */,
				B247DB551F2A4EFE00BA7E63 /* replayButton.png in Resources */,
				B24C35DE1F226540006CA8D6 /* Level_7.sks in Resources */,
				B2B06CA01F15708E000A728E /* Level2pic.png in Resources */,
				B2A002001F21325700E6C528 /* Level_3.sks in Resources */,
				B26D44DD1F26B87900E72C78 /* Level12pic.png in Resources */,
				B2B9F07A1F266E2000C59318 /* settingsButton.png in Resources */,
				B2F9AF161F295C7A00D13B56 /* theShopButton.png in Resources */,
				B24FD64C1F27AC8B00331464 /* TheShop.sks in Resources */,
				B2A3071C1F13E40C0059637F /* Actions.sks in Resources */,
				B228DD291F18217D00E0C06F /* ChainSpike.sks in Resources */,
			);
			runOnlyForDeploymentPostprocessing = 0;
		};
		B2A3072C1F13E40C0059637F /* Resources */ = {
			isa = PBXResourcesBuildPhase;
			buildActionMask = 2147483647;
			files = (
			);
			runOnlyForDeploymentPostprocessing = 0;
		};
		B2A307371F13E40C0059637F /* Resources */ = {
			isa = PBXResourcesBuildPhase;
			buildActionMask = 2147483647;
			files = (
			);
			runOnlyForDeploymentPostprocessing = 0;
		};
/* End PBXResourcesBuildPhase section */

/* Begin PBXSourcesBuildPhase section */
		B2A307101F13E40C0059637F /* Sources */ = {
			isa = PBXSourcesBuildPhase;
			buildActionMask = 2147483647;
			files = (
				B2B06CA21F1570C4000A728E /* LevelSelect.swift in Sources */,
				B2A3071E1F13E40C0059637F /* GameScene.swift in Sources */,
				B2B06C941F143B21000A728E /* MovingObstacle.swift in Sources */,
				B2B06C921F142DA9000A728E /* ButtonNode.swift in Sources */,
				B2826C511F2A87AA00E05583 /* phaseDurationMaxManager.swift in Sources */,
				B247DB5E1F2A664A00BA7E63 /* currencyManager.swift in Sources */,
				B2A002021F2133E700E6C528 /* LevelSelectButton.swift in Sources */,
				B20ED61E1F2800BE0034AC4F /* levelBeat.swift in Sources */,
				B2B9F0741F266C9900C59318 /* MainMenu.swift in Sources */,
				B2826C531F2A891B00E05583 /* framesBackManager.swift in Sources */,
				B2A307201F13E40C0059637F /* GameViewController.swift in Sources */,
				B2826C4F1F2A69F000E05583 /* timeLabelManager.swift in Sources */,
				B247DB5C1F2A661100BA7E63 /* levelBeatManager.swift in Sources */,
				B247DB631F2A675F00BA7E63 /* phaseLabelManager.swift in Sources */,
				B2A307181F13E40C0059637F /* AppDelegate.swift in Sources */,
				B20ED61C1F27F1C10034AC4F /* TheShopUpgradeButton.swift in Sources */,
				B218CA1C1F16971C00E560E9 /* PreviewScene.swift in Sources */,
				B24D976E1F1D6A4D0098954E /* Bullet.swift in Sources */,
				B24FD64E1F27B5CD00331464 /* TheShop.swift in Sources */,
			);
			runOnlyForDeploymentPostprocessing = 0;
		};
		B2A3072A1F13E40C0059637F /* Sources */ = {
			isa = PBXSourcesBuildPhase;
			buildActionMask = 2147483647;
			files = (
				B2A307331F13E40C0059637F /* TheLab_runythTests.swift in Sources */,
			);
			runOnlyForDeploymentPostprocessing = 0;
		};
		B2A307351F13E40C0059637F /* Sources */ = {
			isa = PBXSourcesBuildPhase;
			buildActionMask = 2147483647;
			files = (
				B2A3073E1F13E40C0059637F /* TheLab_runythUITests.swift in Sources */,
			);
			runOnlyForDeploymentPostprocessing = 0;
		};
/* End PBXSourcesBuildPhase section */

/* Begin PBXTargetDependency section */
		B2A307301F13E40C0059637F /* PBXTargetDependency */ = {
			isa = PBXTargetDependency;
			target = B2A307131F13E40C0059637F /* TheLabrunyth */;
			targetProxy = B2A3072F1F13E40C0059637F /* PBXContainerItemProxy */;
		};
		B2A3073B1F13E40C0059637F /* PBXTargetDependency */ = {
			isa = PBXTargetDependency;
			target = B2A307131F13E40C0059637F /* TheLabrunyth */;
			targetProxy = B2A3073A1F13E40C0059637F /* PBXContainerItemProxy */;
		};
/* End PBXTargetDependency section */

/* Begin PBXVariantGroup section */
		B2A307211F13E40C0059637F /* Main.storyboard */ = {
			isa = PBXVariantGroup;
			children = (
				B2A307221F13E40C0059637F /* Base */,
			);
			name = Main.storyboard;
			sourceTree = "<group>";
		};
		B2A307261F13E40C0059637F /* LaunchScreen.storyboard */ = {
			isa = PBXVariantGroup;
			children = (
				B2A307271F13E40C0059637F /* Base */,
			);
			name = LaunchScreen.storyboard;
			sourceTree = "<group>";
		};
/* End PBXVariantGroup section */

/* Begin XCBuildConfiguration section */
		B2A307401F13E40C0059637F /* Debug */ = {
			isa = XCBuildConfiguration;
			buildSettings = {
				ALWAYS_SEARCH_USER_PATHS = NO;
				CLANG_ANALYZER_NONNULL = YES;
				CLANG_ANALYZER_NUMBER_OBJECT_CONVERSION = YES_AGGRESSIVE;
				CLANG_CXX_LANGUAGE_STANDARD = "gnu++0x";
				CLANG_CXX_LIBRARY = "libc++";
				CLANG_ENABLE_MODULES = YES;
				CLANG_ENABLE_OBJC_ARC = YES;
				CLANG_WARN_BOOL_CONVERSION = YES;
				CLANG_WARN_CONSTANT_CONVERSION = YES;
				CLANG_WARN_DIRECT_OBJC_ISA_USAGE = YES_ERROR;
				CLANG_WARN_DOCUMENTATION_COMMENTS = YES;
				CLANG_WARN_EMPTY_BODY = YES;
				CLANG_WARN_ENUM_CONVERSION = YES;
				CLANG_WARN_INFINITE_RECURSION = YES;
				CLANG_WARN_INT_CONVERSION = YES;
				CLANG_WARN_OBJC_ROOT_CLASS = YES_ERROR;
				CLANG_WARN_SUSPICIOUS_MOVE = YES;
				CLANG_WARN_UNREACHABLE_CODE = YES;
				CLANG_WARN__DUPLICATE_METHOD_MATCH = YES;
				"CODE_SIGN_IDENTITY[sdk=iphoneos*]" = "iPhone Developer";
				COPY_PHASE_STRIP = NO;
				DEBUG_INFORMATION_FORMAT = "dwarf-with-dsym";
				ENABLE_STRICT_OBJC_MSGSEND = YES;
				ENABLE_TESTABILITY = YES;
				GCC_C_LANGUAGE_STANDARD = gnu99;
				GCC_DYNAMIC_NO_PIC = NO;
				GCC_NO_COMMON_BLOCKS = YES;
				GCC_OPTIMIZATION_LEVEL = 0;
				GCC_PREPROCESSOR_DEFINITIONS = (
					"DEBUG=1",
					"$(inherited)",
				);
				GCC_WARN_64_TO_32_BIT_CONVERSION = YES;
				GCC_WARN_ABOUT_RETURN_TYPE = YES_ERROR;
				GCC_WARN_UNDECLARED_SELECTOR = YES;
				GCC_WARN_UNINITIALIZED_AUTOS = YES_AGGRESSIVE;
				GCC_WARN_UNUSED_FUNCTION = YES;
				GCC_WARN_UNUSED_VARIABLE = YES;
				IPHONEOS_DEPLOYMENT_TARGET = 10.3;
				MTL_ENABLE_DEBUG_INFO = YES;
				ONLY_ACTIVE_ARCH = YES;
				SDKROOT = iphoneos;
				SWIFT_ACTIVE_COMPILATION_CONDITIONS = DEBUG;
				SWIFT_OPTIMIZATION_LEVEL = "-Onone";
				TARGETED_DEVICE_FAMILY = "1,2";
			};
			name = Debug;
		};
		B2A307411F13E40C0059637F /* Release */ = {
			isa = XCBuildConfiguration;
			buildSettings = {
				ALWAYS_SEARCH_USER_PATHS = NO;
				CLANG_ANALYZER_NONNULL = YES;
				CLANG_ANALYZER_NUMBER_OBJECT_CONVERSION = YES_AGGRESSIVE;
				CLANG_CXX_LANGUAGE_STANDARD = "gnu++0x";
				CLANG_CXX_LIBRARY = "libc++";
				CLANG_ENABLE_MODULES = YES;
				CLANG_ENABLE_OBJC_ARC = YES;
				CLANG_WARN_BOOL_CONVERSION = YES;
				CLANG_WARN_CONSTANT_CONVERSION = YES;
				CLANG_WARN_DIRECT_OBJC_ISA_USAGE = YES_ERROR;
				CLANG_WARN_DOCUMENTATION_COMMENTS = YES;
				CLANG_WARN_EMPTY_BODY = YES;
				CLANG_WARN_ENUM_CONVERSION = YES;
				CLANG_WARN_INFINITE_RECURSION = YES;
				CLANG_WARN_INT_CONVERSION = YES;
				CLANG_WARN_OBJC_ROOT_CLASS = YES_ERROR;
				CLANG_WARN_SUSPICIOUS_MOVE = YES;
				CLANG_WARN_UNREACHABLE_CODE = YES;
				CLANG_WARN__DUPLICATE_METHOD_MATCH = YES;
				"CODE_SIGN_IDENTITY[sdk=iphoneos*]" = "iPhone Developer";
				COPY_PHASE_STRIP = NO;
				DEBUG_INFORMATION_FORMAT = "dwarf-with-dsym";
				ENABLE_NS_ASSERTIONS = NO;
				ENABLE_STRICT_OBJC_MSGSEND = YES;
				GCC_C_LANGUAGE_STANDARD = gnu99;
				GCC_NO_COMMON_BLOCKS = YES;
				GCC_WARN_64_TO_32_BIT_CONVERSION = YES;
				GCC_WARN_ABOUT_RETURN_TYPE = YES_ERROR;
				GCC_WARN_UNDECLARED_SELECTOR = YES;
				GCC_WARN_UNINITIALIZED_AUTOS = YES_AGGRESSIVE;
				GCC_WARN_UNUSED_FUNCTION = YES;
				GCC_WARN_UNUSED_VARIABLE = YES;
				IPHONEOS_DEPLOYMENT_TARGET = 10.3;
				MTL_ENABLE_DEBUG_INFO = NO;
				SDKROOT = iphoneos;
				SWIFT_OPTIMIZATION_LEVEL = "-Owholemodule";
				TARGETED_DEVICE_FAMILY = "1,2";
				VALIDATE_PRODUCT = YES;
			};
			name = Release;
		};
		B2A307431F13E40C0059637F /* Debug */ = {
			isa = XCBuildConfiguration;
			buildSettings = {
				ASSETCATALOG_COMPILER_APPICON_NAME = AppIcon;
				DEBUG_INFORMATION_FORMAT = "dwarf-with-dsym";
				DEVELOPMENT_TEAM = TNR595CQ49;
				GENERATE_PROFILING_CODE = NO;
				INFOPLIST_FILE = "TheLab-runyth/Info.plist";
				LD_RUNPATH_SEARCH_PATHS = "$(inherited) @executable_path/Frameworks";
				PRODUCT_BUNDLE_IDENTIFIER = "RKT.TheLab-runyth";
				PRODUCT_NAME = "$(TARGET_NAME)";
				STRIP_INSTALLED_PRODUCT = YES;
				STRIP_STYLE = debugging;
				SWIFT_VERSION = 3.0;
			};
			name = Debug;
		};
		B2A307441F13E40C0059637F /* Release */ = {
			isa = XCBuildConfiguration;
			buildSettings = {
				ASSETCATALOG_COMPILER_APPICON_NAME = AppIcon;
				DEVELOPMENT_TEAM = TNR595CQ49;
				GENERATE_PROFILING_CODE = NO;
				INFOPLIST_FILE = "TheLab-runyth/Info.plist";
				LD_RUNPATH_SEARCH_PATHS = "$(inherited) @executable_path/Frameworks";
				PRODUCT_BUNDLE_IDENTIFIER = "RKT.TheLab-runyth";
				PRODUCT_NAME = "$(TARGET_NAME)";
				STRIP_INSTALLED_PRODUCT = YES;
				STRIP_STYLE = debugging;
				SWIFT_VERSION = 3.0;
			};
			name = Release;
		};
		B2A307461F13E40C0059637F /* Debug */ = {
			isa = XCBuildConfiguration;
			buildSettings = {
				ALWAYS_EMBED_SWIFT_STANDARD_LIBRARIES = YES;
				BUNDLE_LOADER = "$(TEST_HOST)";
				INFOPLIST_FILE = "TheLab-runythTests/Info.plist";
				LD_RUNPATH_SEARCH_PATHS = "$(inherited) @executable_path/Frameworks @loader_path/Frameworks";
				PRODUCT_BUNDLE_IDENTIFIER = "RKT.TheLab-runythTests";
				PRODUCT_NAME = "$(TARGET_NAME)";
				SWIFT_VERSION = 3.0;
				TEST_HOST = "$(BUILT_PRODUCTS_DIR)/TheLabrunyth.app/TheLabrunyth";
			};
			name = Debug;
		};
		B2A307471F13E40C0059637F /* Release */ = {
			isa = XCBuildConfiguration;
			buildSettings = {
				ALWAYS_EMBED_SWIFT_STANDARD_LIBRARIES = YES;
				BUNDLE_LOADER = "$(TEST_HOST)";
				INFOPLIST_FILE = "TheLab-runythTests/Info.plist";
				LD_RUNPATH_SEARCH_PATHS = "$(inherited) @executable_path/Frameworks @loader_path/Frameworks";
				PRODUCT_BUNDLE_IDENTIFIER = "RKT.TheLab-runythTests";
				PRODUCT_NAME = "$(TARGET_NAME)";
				SWIFT_VERSION = 3.0;
				TEST_HOST = "$(BUILT_PRODUCTS_DIR)/TheLabrunyth.app/TheLabrunyth";
			};
			name = Release;
		};
		B2A307491F13E40C0059637F /* Debug */ = {
			isa = XCBuildConfiguration;
			buildSettings = {
				ALWAYS_EMBED_SWIFT_STANDARD_LIBRARIES = YES;
				INFOPLIST_FILE = "TheLab-runythUITests/Info.plist";
				LD_RUNPATH_SEARCH_PATHS = "$(inherited) @executable_path/Frameworks @loader_path/Frameworks";
				PRODUCT_BUNDLE_IDENTIFIER = "RKT.TheLab-runythUITests";
				PRODUCT_NAME = "$(TARGET_NAME)";
				SWIFT_VERSION = 3.0;
				TEST_TARGET_NAME = "TheLab-runyth";
			};
			name = Debug;
		};
		B2A3074A1F13E40C0059637F /* Release */ = {
			isa = XCBuildConfiguration;
			buildSettings = {
				ALWAYS_EMBED_SWIFT_STANDARD_LIBRARIES = YES;
				INFOPLIST_FILE = "TheLab-runythUITests/Info.plist";
				LD_RUNPATH_SEARCH_PATHS = "$(inherited) @executable_path/Frameworks @loader_path/Frameworks";
				PRODUCT_BUNDLE_IDENTIFIER = "RKT.TheLab-runythUITests";
				PRODUCT_NAME = "$(TARGET_NAME)";
				SWIFT_VERSION = 3.0;
				TEST_TARGET_NAME = "TheLab-runyth";
			};
			name = Release;
		};
/* End XCBuildConfiguration section */

/* Begin XCConfigurationList section */
		B2A3070F1F13E40C0059637F /* Build configuration list for PBXProject "TheLabrunyth" */ = {
			isa = XCConfigurationList;
			buildConfigurations = (
				B2A307401F13E40C0059637F /* Debug */,
				B2A307411F13E40C0059637F /* Release */,
			);
			defaultConfigurationIsVisible = 0;
			defaultConfigurationName = Release;
		};
		B2A307421F13E40C0059637F /* Build configuration list for PBXNativeTarget "TheLabrunyth" */ = {
			isa = XCConfigurationList;
			buildConfigurations = (
				B2A307431F13E40C0059637F /* Debug */,
				B2A307441F13E40C0059637F /* Release */,
			);
			defaultConfigurationIsVisible = 0;
			defaultConfigurationName = Release;
		};
		B2A307451F13E40C0059637F /* Build configuration list for PBXNativeTarget "TheLabrunythTests" */ = {
			isa = XCConfigurationList;
			buildConfigurations = (
				B2A307461F13E40C0059637F /* Debug */,
				B2A307471F13E40C0059637F /* Release */,
			);
			defaultConfigurationIsVisible = 0;
			defaultConfigurationName = Release;
		};
		B2A307481F13E40C0059637F /* Build configuration list for PBXNativeTarget "TheLabrunythUITests" */ = {
			isa = XCConfigurationList;
			buildConfigurations = (
				B2A307491F13E40C0059637F /* Debug */,
				B2A3074A1F13E40C0059637F /* Release */,
			);
			defaultConfigurationIsVisible = 0;
			defaultConfigurationName = Release;
		};
/* End XCConfigurationList section */
	};
	rootObject = B2A3070C1F13E40C0059637F /* Project object */;
}
